// !$*UTF8*$!
{
	archiveVersion = 1;
	classes = {
	};
	objectVersion = 50;
	objects = {

/* Begin PBXBuildFile section */
		318FD97024EEA85500DEE129 /* AppDelegate.swift in Sources */ = {isa = PBXBuildFile; fileRef = 318FD96F24EEA85500DEE129 /* AppDelegate.swift */; };
		318FD97424EEA85500DEE129 /* ViewController.swift in Sources */ = {isa = PBXBuildFile; fileRef = 318FD97324EEA85500DEE129 /* ViewController.swift */; };
		318FD97724EEA85500DEE129 /* Main.storyboard in Resources */ = {isa = PBXBuildFile; fileRef = 318FD97524EEA85500DEE129 /* Main.storyboard */; };
		318FD97924EEA85900DEE129 /* Assets.xcassets in Resources */ = {isa = PBXBuildFile; fileRef = 318FD97824EEA85900DEE129 /* Assets.xcassets */; };
		318FD97C24EEA85900DEE129 /* LaunchScreen.storyboard in Resources */ = {isa = PBXBuildFile; fileRef = 318FD97A24EEA85900DEE129 /* LaunchScreen.storyboard */; };
		318FD98724EEC4B800DEE129 /* Alert.storyboard in Resources */ = {isa = PBXBuildFile; fileRef = 318FD98624EEC4B800DEE129 /* Alert.storyboard */; };
		318FD98924EEC4DE00DEE129 /* AlertVC.swift in Sources */ = {isa = PBXBuildFile; fileRef = 318FD98824EEC4DE00DEE129 /* AlertVC.swift */; };
		318FD98C24EEC52300DEE129 /* Enums.swift in Sources */ = {isa = PBXBuildFile; fileRef = 318FD98B24EEC52300DEE129 /* Enums.swift */; };
		318FD99924EECE0400DEE129 /* AlertService.swift in Sources */ = {isa = PBXBuildFile; fileRef = 318FD99824EECE0400DEE129 /* AlertService.swift */; };
/* End PBXBuildFile section */

/* Begin PBXFileReference section */
		318FD96C24EEA85500DEE129 /* BullsEye.app */ = {isa = PBXFileReference; explicitFileType = wrapper.application; includeInIndex = 0; path = BullsEye.app; sourceTree = BUILT_PRODUCTS_DIR; };
		318FD96F24EEA85500DEE129 /* AppDelegate.swift */ = {isa = PBXFileReference; lastKnownFileType = sourcecode.swift; path = AppDelegate.swift; sourceTree = "<group>"; };
		318FD97324EEA85500DEE129 /* ViewController.swift */ = {isa = PBXFileReference; lastKnownFileType = sourcecode.swift; path = ViewController.swift; sourceTree = "<group>"; };
		318FD97624EEA85500DEE129 /* Base */ = {isa = PBXFileReference; lastKnownFileType = file.storyboard; name = Base; path = Base.lproj/Main.storyboard; sourceTree = "<group>"; };
		318FD97824EEA85900DEE129 /* Assets.xcassets */ = {isa = PBXFileReference; lastKnownFileType = folder.assetcatalog; path = Assets.xcassets; sourceTree = "<group>"; };
		318FD97B24EEA85900DEE129 /* Base */ = {isa = PBXFileReference; lastKnownFileType = file.storyboard; name = Base; path = Base.lproj/LaunchScreen.storyboard; sourceTree = "<group>"; };
		318FD97D24EEA85900DEE129 /* Info.plist */ = {isa = PBXFileReference; lastKnownFileType = text.plist.xml; path = Info.plist; sourceTree = "<group>"; };
		318FD98624EEC4B800DEE129 /* Alert.storyboard */ = {isa = PBXFileReference; lastKnownFileType = file.storyboard; path = Alert.storyboard; sourceTree = "<group>"; };
		318FD98824EEC4DE00DEE129 /* AlertVC.swift */ = {isa = PBXFileReference; lastKnownFileType = sourcecode.swift; path = AlertVC.swift; sourceTree = "<group>"; };
		318FD98B24EEC52300DEE129 /* Enums.swift */ = {isa = PBXFileReference; lastKnownFileType = sourcecode.swift; path = Enums.swift; sourceTree = "<group>"; };
		318FD99824EECE0400DEE129 /* AlertService.swift */ = {isa = PBXFileReference; lastKnownFileType = sourcecode.swift; path = AlertService.swift; sourceTree = "<group>"; };
/* End PBXFileReference section */

/* Begin PBXFrameworksBuildPhase section */
		318FD96924EEA85500DEE129 /* Frameworks */ = {
			isa = PBXFrameworksBuildPhase;
			buildActionMask = 2147483647;
			files = (
			);
			runOnlyForDeploymentPostprocessing = 0;
		};
/* End PBXFrameworksBuildPhase section */

/* Begin PBXGroup section */
		318FD96324EEA85500DEE129 = {
			isa = PBXGroup;
			children = (
				318FD96E24EEA85500DEE129 /* BullsEye */,
				318FD96D24EEA85500DEE129 /* Products */,
			);
			sourceTree = "<group>";
		};
		318FD96D24EEA85500DEE129 /* Products */ = {
			isa = PBXGroup;
			children = (
				318FD96C24EEA85500DEE129 /* BullsEye.app */,
			);
			name = Products;
			sourceTree = "<group>";
		};
		318FD96E24EEA85500DEE129 /* BullsEye */ = {
			isa = PBXGroup;
			children = (
				318FD98E24EEC6FD00DEE129 /* Scenes */,
				318FD98A24EEC50600DEE129 /* Utilities */,
				318FD96F24EEA85500DEE129 /* AppDelegate.swift */,
				318FD97824EEA85900DEE129 /* Assets.xcassets */,
				318FD97A24EEA85900DEE129 /* LaunchScreen.storyboard */,
				318FD97D24EEA85900DEE129 /* Info.plist */,
			);
			path = BullsEye;
			sourceTree = "<group>";
		};
		318FD98A24EEC50600DEE129 /* Utilities */ = {
			isa = PBXGroup;
			children = (
				318FD99724EECDE600DEE129 /* New Group */,
				318FD98B24EEC52300DEE129 /* Enums.swift */,
				318FD99824EECE0400DEE129 /* AlertService.swift */,
			);
			path = Utilities;
			sourceTree = "<group>";
		};
		318FD98E24EEC6FD00DEE129 /* Scenes */ = {
			isa = PBXGroup;
			children = (
				318FD99024EEC72700DEE129 /* Main */,
				318FD98F24EEC71800DEE129 /* Alert */,
			);
			path = Scenes;
			sourceTree = "<group>";
		};
		318FD98F24EEC71800DEE129 /* Alert */ = {
			isa = PBXGroup;
			children = (
				318FD99324EEC77200DEE129 /* View */,
				318FD99224EEC76200DEE129 /* Controller */,
				318FD99124EEC75600DEE129 /* Storyboard */,
			);
			path = Alert;
			sourceTree = "<group>";
		};
		318FD99024EEC72700DEE129 /* Main */ = {
			isa = PBXGroup;
			children = (
				318FD99624EEC81200DEE129 /* View */,
				318FD99524EEC80B00DEE129 /* Controller */,
				318FD99424EEC80500DEE129 /* Storyboard */,
			);
			path = Main;
			sourceTree = "<group>";
		};
		318FD99124EEC75600DEE129 /* Storyboard */ = {
			isa = PBXGroup;
			children = (
				318FD98624EEC4B800DEE129 /* Alert.storyboard */,
			);
			path = Storyboard;
			sourceTree = "<group>";
		};
		318FD99224EEC76200DEE129 /* Controller */ = {
			isa = PBXGroup;
			children = (
				318FD98824EEC4DE00DEE129 /* AlertVC.swift */,
			);
			path = Controller;
			sourceTree = "<group>";
		};
		318FD99324EEC77200DEE129 /* View */ = {
			isa = PBXGroup;
			children = (
			);
			path = View;
			sourceTree = "<group>";
		};
		318FD99424EEC80500DEE129 /* Storyboard */ = {
			isa = PBXGroup;
			children = (
				318FD97524EEA85500DEE129 /* Main.storyboard */,
			);
			path = Storyboard;
			sourceTree = "<group>";
		};
		318FD99524EEC80B00DEE129 /* Controller */ = {
			isa = PBXGroup;
			children = (
				318FD97324EEA85500DEE129 /* ViewController.swift */,
			);
			path = Controller;
			sourceTree = "<group>";
		};
		318FD99624EEC81200DEE129 /* View */ = {
			isa = PBXGroup;
			children = (
			);
			path = View;
			sourceTree = "<group>";
		};
		318FD99724EECDE600DEE129 /* New Group */ = {
			isa = PBXGroup;
			children = (
			);
			path = "New Group";
			sourceTree = "<group>";
		};
/* End PBXGroup section */

/* Begin PBXNativeTarget section */
		318FD96B24EEA85500DEE129 /* BullsEye */ = {
			isa = PBXNativeTarget;
			buildConfigurationList = 318FD98024EEA85900DEE129 /* Build configuration list for PBXNativeTarget "BullsEye" */;
			buildPhases = (
				318FD96824EEA85500DEE129 /* Sources */,
				318FD96924EEA85500DEE129 /* Frameworks */,
				318FD96A24EEA85500DEE129 /* Resources */,
				318FD98D24EEC63900DEE129 /* ShellScript */,
			);
			buildRules = (
			);
			dependencies = (
			);
			name = BullsEye;
			productName = BullsEye;
			productReference = 318FD96C24EEA85500DEE129 /* BullsEye.app */;
			productType = "com.apple.product-type.application";
		};
/* End PBXNativeTarget section */

/* Begin PBXProject section */
		318FD96424EEA85500DEE129 /* Project object */ = {
			isa = PBXProject;
			attributes = {
				LastSwiftUpdateCheck = 1160;
				LastUpgradeCheck = 1160;
				ORGANIZATIONNAME = "Ahmed Abuelmagd";
				TargetAttributes = {
					318FD96B24EEA85500DEE129 = {
						CreatedOnToolsVersion = 11.6;
					};
				};
			};
			buildConfigurationList = 318FD96724EEA85500DEE129 /* Build configuration list for PBXProject "BullsEye" */;
			compatibilityVersion = "Xcode 9.3";
			developmentRegion = en;
			hasScannedForEncodings = 0;
			knownRegions = (
				en,
				Base,
			);
			mainGroup = 318FD96324EEA85500DEE129;
			productRefGroup = 318FD96D24EEA85500DEE129 /* Products */;
			projectDirPath = "";
			projectRoot = "";
			targets = (
				318FD96B24EEA85500DEE129 /* BullsEye */,
			);
		};
/* End PBXProject section */

/* Begin PBXResourcesBuildPhase section */
		318FD96A24EEA85500DEE129 /* Resources */ = {
			isa = PBXResourcesBuildPhase;
			buildActionMask = 2147483647;
			files = (
				318FD97C24EEA85900DEE129 /* LaunchScreen.storyboard in Resources */,
				318FD97924EEA85900DEE129 /* Assets.xcassets in Resources */,
				318FD97724EEA85500DEE129 /* Main.storyboard in Resources */,
				318FD98724EEC4B800DEE129 /* Alert.storyboard in Resources */,
			);
			runOnlyForDeploymentPostprocessing = 0;
		};
/* End PBXResourcesBuildPhase section */

/* Begin PBXShellScriptBuildPhase section */
		318FD98D24EEC63900DEE129 /* ShellScript */ = {
			isa = PBXShellScriptBuildPhase;
			buildActionMask = 2147483647;
			files = (
			);
			inputFileListPaths = (
			);
			inputPaths = (
			);
			outputFileListPaths = (
			);
			outputPaths = (
			);
			runOnlyForDeploymentPostprocessing = 0;
			shellPath = /bin/sh;
			shellScript = "if which swiftlint >/dev/null; then\n  swiftlint\nelse\n  echo \"warning: SwiftLint not installed, download from https://github.com/realm/SwiftLint\"\nfi\n";
		};
/* End PBXShellScriptBuildPhase section */

/* Begin PBXSourcesBuildPhase section */
		318FD96824EEA85500DEE129 /* Sources */ = {
			isa = PBXSourcesBuildPhase;
			buildActionMask = 2147483647;
			files = (
				318FD97424EEA85500DEE129 /* ViewController.swift in Sources */,
				318FD98924EEC4DE00DEE129 /* AlertVC.swift in Sources */,
				318FD98C24EEC52300DEE129 /* Enums.swift in Sources */,
				318FD97024EEA85500DEE129 /* AppDelegate.swift in Sources */,
				318FD99924EECE0400DEE129 /* AlertService.swift in Sources */,
			);
			runOnlyForDeploymentPostprocessing = 0;
		};
/* End PBXSourcesBuildPhase section */

/* Begin PBXVariantGroup section */
		318FD97524EEA85500DEE129 /* Main.storyboard */ = {
			isa = PBXVariantGroup;
			children = (
				318FD97624EEA85500DEE129 /* Base */,
			);
			name = Main.storyboard;
			sourceTree = "<group>";
		};
		318FD97A24EEA85900DEE129 /* LaunchScreen.storyboard */ = {
			isa = PBXVariantGroup;
			children = (
				318FD97B24EEA85900DEE129 /* Base */,
			);
			name = LaunchScreen.storyboard;
			sourceTree = "<group>";
		};
/* End PBXVariantGroup section */

/* Begin XCBuildConfiguration section */
		318FD97E24EEA85900DEE129 /* Debug */ = {
			isa = XCBuildConfiguration;
			buildSettings = {
				ALWAYS_SEARCH_USER_PATHS = NO;
				CLANG_ANALYZER_NONNULL = YES;
				CLANG_ANALYZER_NUMBER_OBJECT_CONVERSION = YES_AGGRESSIVE;
				CLANG_CXX_LANGUAGE_STANDARD = "gnu++14";
				CLANG_CXX_LIBRARY = "libc++";
				CLANG_ENABLE_MODULES = YES;
				CLANG_ENABLE_OBJC_ARC = YES;
				CLANG_ENABLE_OBJC_WEAK = YES;
				CLANG_WARN_BLOCK_CAPTURE_AUTORELEASING = YES;
				CLANG_WARN_BOOL_CONVERSION = YES;
				CLANG_WARN_COMMA = YES;
				CLANG_WARN_CONSTANT_CONVERSION = YES;
				CLANG_WARN_DEPRECATED_OBJC_IMPLEMENTATIONS = YES;
				CLANG_WARN_DIRECT_OBJC_ISA_USAGE = YES_ERROR;
				CLANG_WARN_DOCUMENTATION_COMMENTS = YES;
				CLANG_WARN_EMPTY_BODY = YES;
				CLANG_WARN_ENUM_CONVERSION = YES;
				CLANG_WARN_INFINITE_RECURSION = YES;
				CLANG_WARN_INT_CONVERSION = YES;
				CLANG_WARN_NON_LITERAL_NULL_CONVERSION = YES;
				CLANG_WARN_OBJC_IMPLICIT_RETAIN_SELF = YES;
				CLANG_WARN_OBJC_LITERAL_CONVERSION = YES;
				CLANG_WARN_OBJC_ROOT_CLASS = YES_ERROR;
				CLANG_WARN_RANGE_LOOP_ANALYSIS = YES;
				CLANG_WARN_STRICT_PROTOTYPES = YES;
				CLANG_WARN_SUSPICIOUS_MOVE = YES;
				CLANG_WARN_UNGUARDED_AVAILABILITY = YES_AGGRESSIVE;
				CLANG_WARN_UNREACHABLE_CODE = YES;
				CLANG_WARN__DUPLICATE_METHOD_MATCH = YES;
				COPY_PHASE_STRIP = NO;
				DEBUG_INFORMATION_FORMAT = dwarf;
				ENABLE_STRICT_OBJC_MSGSEND = YES;
				ENABLE_TESTABILITY = YES;
				GCC_C_LANGUAGE_STANDARD = gnu11;
				GCC_DYNAMIC_NO_PIC = NO;
				GCC_NO_COMMON_BLOCKS = YES;
				GCC_OPTIMIZATION_LEVEL = 0;
				GCC_PREPROCESSOR_DEFINITIONS = (
					"DEBUG=1",
					"$(inherited)",
				);
				GCC_WARN_64_TO_32_BIT_CONVERSION = YES;
				GCC_WARN_ABOUT_RETURN_TYPE = YES_ERROR;
				GCC_WARN_UNDECLARED_SELECTOR = YES;
				GCC_WARN_UNINITIALIZED_AUTOS = YES_AGGRESSIVE;
				GCC_WARN_UNUSED_FUNCTION = YES;
				GCC_WARN_UNUSED_VARIABLE = YES;
				IPHONEOS_DEPLOYMENT_TARGET = 13.6;
				MTL_ENABLE_DEBUG_INFO = INCLUDE_SOURCE;
				MTL_FAST_MATH = YES;
				ONLY_ACTIVE_ARCH = YES;
				SDKROOT = iphoneos;
				SWIFT_ACTIVE_COMPILATION_CONDITIONS = DEBUG;
				SWIFT_OPTIMIZATION_LEVEL = "-Onone";
			};
			name = Debug;
		};
		318FD97F24EEA85900DEE129 /* Release */ = {
			isa = XCBuildConfiguration;
			buildSettings = {
				ALWAYS_SEARCH_USER_PATHS = NO;
				CLANG_ANALYZER_NONNULL = YES;
				CLANG_ANALYZER_NUMBER_OBJECT_CONVERSION = YES_AGGRESSIVE;
				CLANG_CXX_LANGUAGE_STANDARD = "gnu++14";
				CLANG_CXX_LIBRARY = "libc++";
				CLANG_ENABLE_MODULES = YES;
				CLANG_ENABLE_OBJC_ARC = YES;
				CLANG_ENABLE_OBJC_WEAK = YES;
				CLANG_WARN_BLOCK_CAPTURE_AUTORELEASING = YES;
				CLANG_WARN_BOOL_CONVERSION = YES;
				CLANG_WARN_COMMA = YES;
				CLANG_WARN_CONSTANT_CONVERSION = YES;
				CLANG_WARN_DEPRECATED_OBJC_IMPLEMENTATIONS = YES;
				CLANG_WARN_DIRECT_OBJC_ISA_USAGE = YES_ERROR;
				CLANG_WARN_DOCUMENTATION_COMMENTS = YES;
				CLANG_WARN_EMPTY_BODY = YES;
				CLANG_WARN_ENUM_CONVERSION = YES;
				CLANG_WARN_INFINITE_RECURSION = YES;
				CLANG_WARN_INT_CONVERSION = YES;
				CLANG_WARN_NON_LITERAL_NULL_CONVERSION = YES;
				CLANG_WARN_OBJC_IMPLICIT_RETAIN_SELF = YES;
				CLANG_WARN_OBJC_LITERAL_CONVERSION = YES;
				CLANG_WARN_OBJC_ROOT_CLASS = YES_ERROR;
				CLANG_WARN_RANGE_LOOP_ANALYSIS = YES;
				CLANG_WARN_STRICT_PROTOTYPES = YES;
				CLANG_WARN_SUSPICIOUS_MOVE = YES;
				CLANG_WARN_UNGUARDED_AVAILABILITY = YES_AGGRESSIVE;
				CLANG_WARN_UNREACHABLE_CODE = YES;
				CLANG_WARN__DUPLICATE_METHOD_MATCH = YES;
				COPY_PHASE_STRIP = NO;
				DEBUG_INFORMATION_FORMAT = "dwarf-with-dsym";
				ENABLE_NS_ASSERTIONS = NO;
				ENABLE_STRICT_OBJC_MSGSEND = YES;
				GCC_C_LANGUAGE_STANDARD = gnu11;
				GCC_NO_COMMON_BLOCKS = YES;
				GCC_WARN_64_TO_32_BIT_CONVERSION = YES;
				GCC_WARN_ABOUT_RETURN_TYPE = YES_ERROR;
				GCC_WARN_UNDECLARED_SELECTOR = YES;
				GCC_WARN_UNINITIALIZED_AUTOS = YES_AGGRESSIVE;
				GCC_WARN_UNUSED_FUNCTION = YES;
				GCC_WARN_UNUSED_VARIABLE = YES;
				IPHONEOS_DEPLOYMENT_TARGET = 13.6;
				MTL_ENABLE_DEBUG_INFO = NO;
				MTL_FAST_MATH = YES;
				SDKROOT = iphoneos;
				SWIFT_COMPILATION_MODE = wholemodule;
				SWIFT_OPTIMIZATION_LEVEL = "-O";
				VALIDATE_PRODUCT = YES;
			};
			name = Release;
		};
		318FD98124EEA85900DEE129 /* Debug */ = {
			isa = XCBuildConfiguration;
			buildSettings = {
				ASSETCATALOG_COMPILER_APPICON_NAME = AppIcon;
				CODE_SIGN_STYLE = Automatic;
				DEVELOPMENT_TEAM = 735VZ4VN4Q;
				INFOPLIST_FILE = BullsEye/Info.plist;
				LD_RUNPATH_SEARCH_PATHS = (
					"$(inherited)",
					"@executable_path/Frameworks",
				);
				PRODUCT_BUNDLE_IDENTIFIER = com.ahmedAbuelmagd.BullsEye;
				PRODUCT_NAME = "$(TARGET_NAME)";
				SWIFT_VERSION = 5.0;
				TARGETED_DEVICE_FAMILY = "1,2";
			};
			name = Debug;
		};
		318FD98224EEA85900DEE129 /* Release */ = {
			isa = XCBuildConfiguration;
			buildSettings = {
				ASSETCATALOG_COMPILER_APPICON_NAME = AppIcon;
				CODE_SIGN_STYLE = Automatic;
				DEVELOPMENT_TEAM = 735VZ4VN4Q;
				INFOPLIST_FILE = BullsEye/Info.plist;
				LD_RUNPATH_SEARCH_PATHS = (
					"$(inherited)",
					"@executable_path/Frameworks",
				);
				PRODUCT_BUNDLE_IDENTIFIER = com.ahmedAbuelmagd.BullsEye;
				PRODUCT_NAME = "$(TARGET_NAME)";
				SWIFT_VERSION = 5.0;
				TARGETED_DEVICE_FAMILY = "1,2";
			};
			name = Release;
		};
/* End XCBuildConfiguration section */

/* Begin XCConfigurationList section */
		318FD96724EEA85500DEE129 /* Build configuration list for PBXProject "BullsEye" */ = {
			isa = XCConfigurationList;
			buildConfigurations = (
				318FD97E24EEA85900DEE129 /* Debug */,
				318FD97F24EEA85900DEE129 /* Release */,
			);
			defaultConfigurationIsVisible = 0;
			defaultConfigurationName = Release;
		};
		318FD98024EEA85900DEE129 /* Build configuration list for PBXNativeTarget "BullsEye" */ = {
			isa = XCConfigurationList;
			buildConfigurations = (
				318FD98124EEA85900DEE129 /* Debug */,
				318FD98224EEA85900DEE129 /* Release */,
			);
			defaultConfigurationIsVisible = 0;
			defaultConfigurationName = Release;
		};
/* End XCConfigurationList section */
	};
	rootObject = 318FD96424EEA85500DEE129 /* Project object */;
}
